<?xml version="1.0" encoding="utf-8"?>
<Project ToolsVersion="4.0" xmlns="http://schemas.microsoft.com/developer/msbuild/2003">
  <ItemGroup>
    <Filter Include="Lithe">
      <UniqueIdentifier>{7BD5990D-E7E9-C1BE-B06B-651E1C3FBEEF}</UniqueIdentifier>
    </Filter>
    <Filter Include="Lithe\Events">
      <UniqueIdentifier>{FF28AFBC-EB8B-3E61-9411-771780530AE4}</UniqueIdentifier>
    </Filter>
  </ItemGroup>
  <ItemGroup>
    <ClInclude Include="src\Lithe.hpp" />
    <ClInclude Include="src\Lithe\Application.h">
      <Filter>Lithe</Filter>
    </ClInclude>
    <ClInclude Include="src\Lithe\Core.hpp">
      <Filter>Lithe</Filter>
    </ClInclude>
    <ClInclude Include="src\Lithe\EntryPoint.hpp">
      <Filter>Lithe</Filter>
    </ClInclude>
    <ClInclude Include="src\Lithe\Events\Event.hpp">
      <Filter>Lithe\Events</Filter>
    </ClInclude>
    <ClInclude Include="src\Lithe\Events\IEventListener.hpp">
      <Filter>Lithe\Events</Filter>
    </ClInclude>
    <ClInclude Include="src\Lithe\Log.hpp">
      <Filter>Lithe</Filter>
    </ClInclude>
    <ClInclude Include="src\ltpch.h" />
    <ClInclude Include="src\Lithe\Events\MouseEvents.hpp" />
    <ClInclude Include="src\Lithe\Events\Events.hpp" />
    <ClInclude Include="src\Lithe\Events\KeyEvents.hpp" />
  </ItemGroup>
  <ItemGroup>
    <ClCompile Include="src\Lithe\Application.cpp">
      <Filter>Lithe</Filter>
    </ClCompile>
    <ClCompile Include="src\Lithe\Log.cpp">
      <Filter>Lithe</Filter>
    </ClCompile>
    <ClCompile Include="src\ltpch.cpp" />
  </ItemGroup>
</Project>